
Microsoft Visual Studio Solution File, Format Version 12.00
# Visual Studio Version 16
VisualStudioVersion = 16.0.30804.86
MinimumVisualStudioVersion = 10.0.40219.1
Project("{FAE04EC0-301F-11D3-BF4B-00C04F79EFBC}") = "Clube_Beca", "Clube_Beca\Clube_Beca.csproj", "{B6BA8832-48F3-49A4-A6DE-CCC32B932EC5}"
EndProject
Project("{FAE04EC0-301F-11D3-BF4B-00C04F79EFBC}") = "ClubeTeste", "ClubeTeste\ClubeTeste.csproj", "{CCC3673C-2E34-4623-B087-9C9C76CCA670}"
EndProject
Global
	GlobalSection(SolutionConfigurationPlatforms) = preSolution
		Debug|Any CPU = Debug|Any CPU
		Release|Any CPU = Release|Any CPU
	EndGlobalSection
	GlobalSection(ProjectConfigurationPlatforms) = postSolution
		{B6BA8832-48F3-49A4-A6DE-CCC32B932EC5}.Debug|Any CPU.ActiveCfg = Debug|Any CPU
		{B6BA8832-48F3-49A4-A6DE-CCC32B932EC5}.Debug|Any CPU.Build.0 = Debug|Any CPU
		{B6BA8832-48F3-49A4-A6DE-CCC32B932EC5}.Release|Any CPU.ActiveCfg = Release|Any CPU
		{B6BA8832-48F3-49A4-A6DE-CCC32B932EC5}.Release|Any CPU.Build.0 = Release|Any CPU
		{CCC3673C-2E34-4623-B087-9C9C76CCA670}.Debug|Any CPU.ActiveCfg = Debug|Any CPU
		{CCC3673C-2E34-4623-B087-9C9C76CCA670}.Debug|Any CPU.Build.0 = Debug|Any CPU
		{CCC3673C-2E34-4623-B087-9C9C76CCA670}.Release|Any CPU.ActiveCfg = Release|Any CPU
		{CCC3673C-2E34-4623-B087-9C9C76CCA670}.Release|Any CPU.Build.0 = Release|Any CPU
	EndGlobalSection
	GlobalSection(SolutionProperties) = preSolution
		HideSolutionNode = FALSE
	EndGlobalSection
	GlobalSection(ExtensibilityGlobals) = postSolution
		SolutionGuid = {51A3C029-B46F-460B-A36B-C1F7C02B10A8}
	EndGlobalSection
EndGlobal
